
Microsoft Visual Studio Solution File, Format Version 12.00
# Visual Studio Version 17
VisualStudioVersion = 17.0.32014.148
MinimumVisualStudioVersion = 10.0.40219.1
Project("{FAE04EC0-301F-11D3-BF4B-00C04F79EFBC}") = "AndrewDemo.SeanProjects", "AndrewDemo.SeanProjects\AndrewDemo.SeanProjects.csproj", "{5726BDC0-299E-428A-A545-931E163B7A8D}"
EndProject
Global
	GlobalSection(SolutionConfigurationPlatforms) = preSolution
		Debug|Any CPU = Debug|Any CPU
		Release|Any CPU = Release|Any CPU
	EndGlobalSection
	GlobalSection(ProjectConfigurationPlatforms) = postSolution
		{5726BDC0-299E-428A-A545-931E163B7A8D}.Debug|Any CPU.ActiveCfg = Debug|Any CPU
		{5726BDC0-299E-428A-A545-931E163B7A8D}.Debug|Any CPU.Build.0 = Debug|Any CPU
		{5726BDC0-299E-428A-A545-931E163B7A8D}.Release|Any CPU.ActiveCfg = Release|Any CPU
		{5726BDC0-299E-428A-A545-931E163B7A8D}.Release|Any CPU.Build.0 = Release|Any CPU
	EndGlobalSection
	GlobalSection(SolutionProperties) = preSolution
		HideSolutionNode = FALSE
	EndGlobalSection
	GlobalSection(ExtensibilityGlobals) = postSolution
		SolutionGuid = {24571D93-ED93-4CF3-A06A-C18456B21E4B}
	EndGlobalSection
EndGlobal
